
Microsoft Visual Studio Solution File, Format Version 12.00
# Visual Studio 15
VisualStudioVersion = 15.0.28010.2003
MinimumVisualStudioVersion = 10.0.40219.1
Project("{FAE04EC0-301F-11D3-BF4B-00C04F79EFBC}") = "graph_v1", "graph_v1\graph_v1.csproj", "{864990CC-15CE-4923-AF1A-19E9D93076A2}"
EndProject
Global
	GlobalSection(SolutionConfigurationPlatforms) = preSolution
		Debug|Any CPU = Debug|Any CPU
		Release|Any CPU = Release|Any CPU
	EndGlobalSection
	GlobalSection(ProjectConfigurationPlatforms) = postSolution
		{864990CC-15CE-4923-AF1A-19E9D93076A2}.Debug|Any CPU.ActiveCfg = Debug|Any CPU
		{864990CC-15CE-4923-AF1A-19E9D93076A2}.Debug|Any CPU.Build.0 = Debug|Any CPU
		{864990CC-15CE-4923-AF1A-19E9D93076A2}.Release|Any CPU.ActiveCfg = Release|Any CPU
		{864990CC-15CE-4923-AF1A-19E9D93076A2}.Release|Any CPU.Build.0 = Release|Any CPU
	EndGlobalSection
	GlobalSection(SolutionProperties) = preSolution
		HideSolutionNode = FALSE
	EndGlobalSection
	GlobalSection(ExtensibilityGlobals) = postSolution
		SolutionGuid = {8A3AE385-BC98-4F24-97E0-7708E885BDD4}
	EndGlobalSection
EndGlobal
